// !$*UTF8*$!
{
	archiveVersion = 1;
	classes = {
	};
	objectVersion = 56;
	objects = {

/* Begin PBXBuildFile section */
		7804B1DB2BA7C55900E435C4 /* GameProgress.swift in Sources */ = {isa = PBXBuildFile; fileRef = 7804B1DA2BA7C55900E435C4 /* GameProgress.swift */; };
		7834B94C2BB50C2500AA7839 /* GameSelectionView.swift in Sources */ = {isa = PBXBuildFile; fileRef = 7834B94B2BB50C2400AA7839 /* GameSelectionView.swift */; };
		7834B94E2BB51D8A00AA7839 /* PicturesListView.swift in Sources */ = {isa = PBXBuildFile; fileRef = 7834B94D2BB51D8A00AA7839 /* PicturesListView.swift */; };
		7834B9522BB6F15000AA7839 /* CustomAlertView.swift in Sources */ = {isa = PBXBuildFile; fileRef = 7834B9512BB6F15000AA7839 /* CustomAlertView.swift */; };
		7834B9552BB6FBCB00AA7839 /* Extension.swift in Sources */ = {isa = PBXBuildFile; fileRef = 7834B9542BB6FBCB00AA7839 /* Extension.swift */; };
		7834B95A2BBD263000AA7839 /* Readme_Images.xcassets in Resources */ = {isa = PBXBuildFile; fileRef = 7834B9592BBD263000AA7839 /* Readme_Images.xcassets */; };
		783774A02BA1D69C00F20904 /* DialogView.swift in Sources */ = {isa = PBXBuildFile; fileRef = 7837749F2BA1D69C00F20904 /* DialogView.swift */; };
		783774A82BA3D74E00F20904 /* Lottie in Frameworks */ = {isa = PBXBuildFile; productRef = 783774A72BA3D74E00F20904 /* Lottie */; };
		783774AD2BA3DA1200F20904 /* Confetti.json in Resources */ = {isa = PBXBuildFile; fileRef = 783774AC2BA3DA1200F20904 /* Confetti.json */; };
		783774AF2BA3DE4600F20904 /* LottieView.swift in Sources */ = {isa = PBXBuildFile; fileRef = 783774AE2BA3DE4600F20904 /* LottieView.swift */; };
		783774B12BA4141B00F20904 /* GameVM.swift in Sources */ = {isa = PBXBuildFile; fileRef = 783774B02BA4141B00F20904 /* GameVM.swift */; };
		783774B52BA461FD00F20904 /* SplashView.swift in Sources */ = {isa = PBXBuildFile; fileRef = 783774B42BA461FD00F20904 /* SplashView.swift */; };
		78C7FD202B9EB95A0048E883 /* Sliding15PuzzleGameApp.swift in Sources */ = {isa = PBXBuildFile; fileRef = 78C7FD1F2B9EB95A0048E883 /* Sliding15PuzzleGameApp.swift */; };
		78C7FD242B9EB95B0048E883 /* Assets.xcassets in Resources */ = {isa = PBXBuildFile; fileRef = 78C7FD232B9EB95B0048E883 /* Assets.xcassets */; };
		78C7FD272B9EB95B0048E883 /* Preview Assets.xcassets in Resources */ = {isa = PBXBuildFile; fileRef = 78C7FD262B9EB95B0048E883 /* Preview Assets.xcassets */; };
		78C7FD342B9EC7300048E883 /* TileView.swift in Sources */ = {isa = PBXBuildFile; fileRef = 78C7FD332B9EC7300048E883 /* TileView.swift */; };
		78C7FD362B9EC8F70048E883 /* GameView.swift in Sources */ = {isa = PBXBuildFile; fileRef = 78C7FD352B9EC8F70048E883 /* GameView.swift */; };
/* End PBXBuildFile section */

/* Begin PBXFileReference section */
		7804B1DA2BA7C55900E435C4 /* GameProgress.swift */ = {isa = PBXFileReference; lastKnownFileType = sourcecode.swift; path = GameProgress.swift; sourceTree = "<group>"; };
		7834B94B2BB50C2400AA7839 /* GameSelectionView.swift */ = {isa = PBXFileReference; lastKnownFileType = sourcecode.swift; path = GameSelectionView.swift; sourceTree = "<group>"; };
		7834B94D2BB51D8A00AA7839 /* PicturesListView.swift */ = {isa = PBXFileReference; lastKnownFileType = sourcecode.swift; path = PicturesListView.swift; sourceTree = "<group>"; };
		7834B9512BB6F15000AA7839 /* CustomAlertView.swift */ = {isa = PBXFileReference; lastKnownFileType = sourcecode.swift; path = CustomAlertView.swift; sourceTree = "<group>"; };
		7834B9542BB6FBCB00AA7839 /* Extension.swift */ = {isa = PBXFileReference; lastKnownFileType = sourcecode.swift; path = Extension.swift; sourceTree = "<group>"; };
		7834B9592BBD263000AA7839 /* Readme_Images.xcassets */ = {isa = PBXFileReference; lastKnownFileType = folder.assetcatalog; path = Readme_Images.xcassets; sourceTree = "<group>"; };
		7837749F2BA1D69C00F20904 /* DialogView.swift */ = {isa = PBXFileReference; lastKnownFileType = sourcecode.swift; path = DialogView.swift; sourceTree = "<group>"; };
		783774AC2BA3DA1200F20904 /* Confetti.json */ = {isa = PBXFileReference; fileEncoding = 4; lastKnownFileType = text.json; path = Confetti.json; sourceTree = "<group>"; };
		783774AE2BA3DE4600F20904 /* LottieView.swift */ = {isa = PBXFileReference; lastKnownFileType = sourcecode.swift; path = LottieView.swift; sourceTree = "<group>"; };
		783774B02BA4141B00F20904 /* GameVM.swift */ = {isa = PBXFileReference; lastKnownFileType = sourcecode.swift; path = GameVM.swift; sourceTree = "<group>"; };
		783774B42BA461FD00F20904 /* SplashView.swift */ = {isa = PBXFileReference; lastKnownFileType = sourcecode.swift; path = SplashView.swift; sourceTree = "<group>"; };
		78C7FD1C2B9EB95A0048E883 /* Sliding15PuzzleGame.app */ = {isa = PBXFileReference; explicitFileType = wrapper.application; includeInIndex = 0; path = Sliding15PuzzleGame.app; sourceTree = BUILT_PRODUCTS_DIR; };
		78C7FD1F2B9EB95A0048E883 /* Sliding15PuzzleGameApp.swift */ = {isa = PBXFileReference; lastKnownFileType = sourcecode.swift; path = Sliding15PuzzleGameApp.swift; sourceTree = "<group>"; };
		78C7FD232B9EB95B0048E883 /* Assets.xcassets */ = {isa = PBXFileReference; lastKnownFileType = folder.assetcatalog; path = Assets.xcassets; sourceTree = "<group>"; };
		78C7FD262B9EB95B0048E883 /* Preview Assets.xcassets */ = {isa = PBXFileReference; lastKnownFileType = folder.assetcatalog; path = "Preview Assets.xcassets"; sourceTree = "<group>"; };
		78C7FD332B9EC7300048E883 /* TileView.swift */ = {isa = PBXFileReference; lastKnownFileType = sourcecode.swift; path = TileView.swift; sourceTree = "<group>"; };
		78C7FD352B9EC8F70048E883 /* GameView.swift */ = {isa = PBXFileReference; lastKnownFileType = sourcecode.swift; path = GameView.swift; sourceTree = "<group>"; };
/* End PBXFileReference section */

/* Begin PBXFrameworksBuildPhase section */
		78C7FD192B9EB95A0048E883 /* Frameworks */ = {
			isa = PBXFrameworksBuildPhase;
			buildActionMask = 2147483647;
			files = (
				783774A82BA3D74E00F20904 /* Lottie in Frameworks */,
			);
			runOnlyForDeploymentPostprocessing = 0;
		};
/* End PBXFrameworksBuildPhase section */

/* Begin PBXGroup section */
		7804B1D92BA7C50300E435C4 /* Models */ = {
			isa = PBXGroup;
			children = (
				7804B1DA2BA7C55900E435C4 /* GameProgress.swift */,
			);
			path = Models;
			sourceTree = "<group>";
		};
		7834B9532BB6FB9600AA7839 /* Extension */ = {
			isa = PBXGroup;
			children = (
				7834B9542BB6FBCB00AA7839 /* Extension.swift */,
			);
			path = Extension;
			sourceTree = "<group>";
		};
		7837749D2BA17DF500F20904 /* Views */ = {
			isa = PBXGroup;
			children = (
				783774B42BA461FD00F20904 /* SplashView.swift */,
				7834B94B2BB50C2400AA7839 /* GameSelectionView.swift */,
				78C7FD352B9EC8F70048E883 /* GameView.swift */,
				7837749F2BA1D69C00F20904 /* DialogView.swift */,
				783774AE2BA3DE4600F20904 /* LottieView.swift */,
				78C7FD332B9EC7300048E883 /* TileView.swift */,
				7834B94D2BB51D8A00AA7839 /* PicturesListView.swift */,
				7834B9512BB6F15000AA7839 /* CustomAlertView.swift */,
			);
			path = Views;
			sourceTree = "<group>";
		};
		7837749E2BA17E0D00F20904 /* ViewModel */ = {
			isa = PBXGroup;
			children = (
				783774B02BA4141B00F20904 /* GameVM.swift */,
			);
			path = ViewModel;
			sourceTree = "<group>";
		};
		783774AB2BA3D9E400F20904 /* Lottie Files */ = {
			isa = PBXGroup;
			children = (
				783774AC2BA3DA1200F20904 /* Confetti.json */,
			);
			path = "Lottie Files";
			sourceTree = "<group>";
		};
		78C7FD132B9EB95A0048E883 = {
			isa = PBXGroup;
			children = (
				78C7FD1E2B9EB95A0048E883 /* Sliding15PuzzleGame */,
				78C7FD1D2B9EB95A0048E883 /* Products */,
			);
			sourceTree = "<group>";
		};
		78C7FD1D2B9EB95A0048E883 /* Products */ = {
			isa = PBXGroup;
			children = (
				78C7FD1C2B9EB95A0048E883 /* Sliding15PuzzleGame.app */,
			);
			name = Products;
			sourceTree = "<group>";
		};
		78C7FD1E2B9EB95A0048E883 /* Sliding15PuzzleGame */ = {
			isa = PBXGroup;
			children = (
				78C7FD1F2B9EB95A0048E883 /* Sliding15PuzzleGameApp.swift */,
				7804B1D92BA7C50300E435C4 /* Models */,
				7837749D2BA17DF500F20904 /* Views */,
				7837749E2BA17E0D00F20904 /* ViewModel */,
				7834B9532BB6FB9600AA7839 /* Extension */,
				783774AB2BA3D9E400F20904 /* Lottie Files */,
				78C7FD232B9EB95B0048E883 /* Assets.xcassets */,
				7834B9592BBD263000AA7839 /* Readme_Images.xcassets */,
				78C7FD252B9EB95B0048E883 /* Preview Content */,
			);
			path = Sliding15PuzzleGame;
			sourceTree = "<group>";
		};
		78C7FD252B9EB95B0048E883 /* Preview Content */ = {
			isa = PBXGroup;
			children = (
				78C7FD262B9EB95B0048E883 /* Preview Assets.xcassets */,
			);
			path = "Preview Content";
			sourceTree = "<group>";
		};
/* End PBXGroup section */

/* Begin PBXNativeTarget section */
		78C7FD1B2B9EB95A0048E883 /* Sliding15PuzzleGame */ = {
			isa = PBXNativeTarget;
			buildConfigurationList = 78C7FD2A2B9EB95B0048E883 /* Build configuration list for PBXNativeTarget "Sliding15PuzzleGame" */;
			buildPhases = (
				78C7FD182B9EB95A0048E883 /* Sources */,
				78C7FD192B9EB95A0048E883 /* Frameworks */,
				78C7FD1A2B9EB95A0048E883 /* Resources */,
			);
			buildRules = (
			);
			dependencies = (
			);
			name = Sliding15PuzzleGame;
			packageProductDependencies = (
				783774A72BA3D74E00F20904 /* Lottie */,
			);
			productName = Sliding15PuzzleGame;
			productReference = 78C7FD1C2B9EB95A0048E883 /* Sliding15PuzzleGame.app */;
			productType = "com.apple.product-type.application";
		};
/* End PBXNativeTarget section */

/* Begin PBXProject section */
		78C7FD142B9EB95A0048E883 /* Project object */ = {
			isa = PBXProject;
			attributes = {
				BuildIndependentTargetsInParallel = 1;
				LastSwiftUpdateCheck = 1520;
				LastUpgradeCheck = 1520;
				TargetAttributes = {
					78C7FD1B2B9EB95A0048E883 = {
						CreatedOnToolsVersion = 15.2;
					};
				};
			};
			buildConfigurationList = 78C7FD172B9EB95A0048E883 /* Build configuration list for PBXProject "Sliding15PuzzleGame" */;
			compatibilityVersion = "Xcode 14.0";
			developmentRegion = en;
			hasScannedForEncodings = 0;
			knownRegions = (
				en,
				Base,
			);
			mainGroup = 78C7FD132B9EB95A0048E883;
			packageReferences = (
				783774A62BA3D74E00F20904 /* XCRemoteSwiftPackageReference "lottie-spm" */,
			);
			productRefGroup = 78C7FD1D2B9EB95A0048E883 /* Products */;
			projectDirPath = "";
			projectRoot = "";
			targets = (
				78C7FD1B2B9EB95A0048E883 /* Sliding15PuzzleGame */,
			);
		};
/* End PBXProject section */

/* Begin PBXResourcesBuildPhase section */
		78C7FD1A2B9EB95A0048E883 /* Resources */ = {
			isa = PBXResourcesBuildPhase;
			buildActionMask = 2147483647;
			files = (
				783774AD2BA3DA1200F20904 /* Confetti.json in Resources */,
				7834B95A2BBD263000AA7839 /* Readme_Images.xcassets in Resources */,
				78C7FD272B9EB95B0048E883 /* Preview Assets.xcassets in Resources */,
				78C7FD242B9EB95B0048E883 /* Assets.xcassets in Resources */,
			);
			runOnlyForDeploymentPostprocessing = 0;
		};
/* End PBXResourcesBuildPhase section */

/* Begin PBXSourcesBuildPhase section */
		78C7FD182B9EB95A0048E883 /* Sources */ = {
			isa = PBXSourcesBuildPhase;
			buildActionMask = 2147483647;
			files = (
				783774B52BA461FD00F20904 /* SplashView.swift in Sources */,
				78C7FD342B9EC7300048E883 /* TileView.swift in Sources */,
				7834B9522BB6F15000AA7839 /* CustomAlertView.swift in Sources */,
				7834B9552BB6FBCB00AA7839 /* Extension.swift in Sources */,
				78C7FD362B9EC8F70048E883 /* GameView.swift in Sources */,
				783774AF2BA3DE4600F20904 /* LottieView.swift in Sources */,
				783774A02BA1D69C00F20904 /* DialogView.swift in Sources */,
				783774B12BA4141B00F20904 /* GameVM.swift in Sources */,
				7834B94C2BB50C2500AA7839 /* GameSelectionView.swift in Sources */,
				78C7FD202B9EB95A0048E883 /* Sliding15PuzzleGameApp.swift in Sources */,
				7804B1DB2BA7C55900E435C4 /* GameProgress.swift in Sources */,
				7834B94E2BB51D8A00AA7839 /* PicturesListView.swift in Sources */,
			);
			runOnlyForDeploymentPostprocessing = 0;
		};
/* End PBXSourcesBuildPhase section */

/* Begin XCBuildConfiguration section */
		78C7FD282B9EB95B0048E883 /* Debug */ = {
			isa = XCBuildConfiguration;
			buildSettings = {
				ALWAYS_SEARCH_USER_PATHS = NO;
				ASSETCATALOG_COMPILER_GENERATE_SWIFT_ASSET_SYMBOL_EXTENSIONS = YES;
				CLANG_ANALYZER_NONNULL = YES;
				CLANG_ANALYZER_NUMBER_OBJECT_CONVERSION = YES_AGGRESSIVE;
				CLANG_CXX_LANGUAGE_STANDARD = "gnu++20";
				CLANG_ENABLE_MODULES = YES;
				CLANG_ENABLE_OBJC_ARC = YES;
				CLANG_ENABLE_OBJC_WEAK = YES;
				CLANG_WARN_BLOCK_CAPTURE_AUTORELEASING = YES;
				CLANG_WARN_BOOL_CONVERSION = YES;
				CLANG_WARN_COMMA = YES;
				CLANG_WARN_CONSTANT_CONVERSION = YES;
				CLANG_WARN_DEPRECATED_OBJC_IMPLEMENTATIONS = YES;
				CLANG_WARN_DIRECT_OBJC_ISA_USAGE = YES_ERROR;
				CLANG_WARN_DOCUMENTATION_COMMENTS = YES;
				CLANG_WARN_EMPTY_BODY = YES;
				CLANG_WARN_ENUM_CONVERSION = YES;
				CLANG_WARN_INFINITE_RECURSION = YES;
				CLANG_WARN_INT_CONVERSION = YES;
				CLANG_WARN_NON_LITERAL_NULL_CONVERSION = YES;
				CLANG_WARN_OBJC_IMPLICIT_RETAIN_SELF = YES;
				CLANG_WARN_OBJC_LITERAL_CONVERSION = YES;
				CLANG_WARN_OBJC_ROOT_CLASS = YES_ERROR;
				CLANG_WARN_QUOTED_INCLUDE_IN_FRAMEWORK_HEADER = YES;
				CLANG_WARN_RANGE_LOOP_ANALYSIS = YES;
				CLANG_WARN_STRICT_PROTOTYPES = YES;
				CLANG_WARN_SUSPICIOUS_MOVE = YES;
				CLANG_WARN_UNGUARDED_AVAILABILITY = YES_AGGRESSIVE;
				CLANG_WARN_UNREACHABLE_CODE = YES;
				CLANG_WARN__DUPLICATE_METHOD_MATCH = YES;
				COPY_PHASE_STRIP = NO;
				DEBUG_INFORMATION_FORMAT = dwarf;
				ENABLE_STRICT_OBJC_MSGSEND = YES;
				ENABLE_TESTABILITY = YES;
				ENABLE_USER_SCRIPT_SANDBOXING = YES;
				GCC_C_LANGUAGE_STANDARD = gnu17;
				GCC_DYNAMIC_NO_PIC = NO;
				GCC_NO_COMMON_BLOCKS = YES;
				GCC_OPTIMIZATION_LEVEL = 0;
				GCC_PREPROCESSOR_DEFINITIONS = (
					"DEBUG=1",
					"$(inherited)",
				);
				GCC_WARN_64_TO_32_BIT_CONVERSION = YES;
				GCC_WARN_ABOUT_RETURN_TYPE = YES_ERROR;
				GCC_WARN_UNDECLARED_SELECTOR = YES;
				GCC_WARN_UNINITIALIZED_AUTOS = YES_AGGRESSIVE;
				GCC_WARN_UNUSED_FUNCTION = YES;
				GCC_WARN_UNUSED_VARIABLE = YES;
				IPHONEOS_DEPLOYMENT_TARGET = 17.2;
				LOCALIZATION_PREFERS_STRING_CATALOGS = YES;
				MTL_ENABLE_DEBUG_INFO = INCLUDE_SOURCE;
				MTL_FAST_MATH = YES;
				ONLY_ACTIVE_ARCH = YES;
				SDKROOT = iphoneos;
				SWIFT_ACTIVE_COMPILATION_CONDITIONS = "DEBUG $(inherited)";
				SWIFT_OPTIMIZATION_LEVEL = "-Onone";
			};
			name = Debug;
		};
		78C7FD292B9EB95B0048E883 /* Release */ = {
			isa = XCBuildConfiguration;
			buildSettings = {
				ALWAYS_SEARCH_USER_PATHS = NO;
				ASSETCATALOG_COMPILER_GENERATE_SWIFT_ASSET_SYMBOL_EXTENSIONS = YES;
				CLANG_ANALYZER_NONNULL = YES;
				CLANG_ANALYZER_NUMBER_OBJECT_CONVERSION = YES_AGGRESSIVE;
				CLANG_CXX_LANGUAGE_STANDARD = "gnu++20";
				CLANG_ENABLE_MODULES = YES;
				CLANG_ENABLE_OBJC_ARC = YES;
				CLANG_ENABLE_OBJC_WEAK = YES;
				CLANG_WARN_BLOCK_CAPTURE_AUTORELEASING = YES;
				CLANG_WARN_BOOL_CONVERSION = YES;
				CLANG_WARN_COMMA = YES;
				CLANG_WARN_CONSTANT_CONVERSION = YES;
				CLANG_WARN_DEPRECATED_OBJC_IMPLEMENTATIONS = YES;
				CLANG_WARN_DIRECT_OBJC_ISA_USAGE = YES_ERROR;
				CLANG_WARN_DOCUMENTATION_COMMENTS = YES;
				CLANG_WARN_EMPTY_BODY = YES;
				CLANG_WARN_ENUM_CONVERSION = YES;
				CLANG_WARN_INFINITE_RECURSION = YES;
				CLANG_WARN_INT_CONVERSION = YES;
				CLANG_WARN_NON_LITERAL_NULL_CONVERSION = YES;
				CLANG_WARN_OBJC_IMPLICIT_RETAIN_SELF = YES;
				CLANG_WARN_OBJC_LITERAL_CONVERSION = YES;
				CLANG_WARN_OBJC_ROOT_CLASS = YES_ERROR;
				CLANG_WARN_QUOTED_INCLUDE_IN_FRAMEWORK_HEADER = YES;
				CLANG_WARN_RANGE_LOOP_ANALYSIS = YES;
				CLANG_WARN_STRICT_PROTOTYPES = YES;
				CLANG_WARN_SUSPICIOUS_MOVE = YES;
				CLANG_WARN_UNGUARDED_AVAILABILITY = YES_AGGRESSIVE;
				CLANG_WARN_UNREACHABLE_CODE = YES;
				CLANG_WARN__DUPLICATE_METHOD_MATCH = YES;
				COPY_PHASE_STRIP = NO;
				DEBUG_INFORMATION_FORMAT = "dwarf-with-dsym";
				ENABLE_NS_ASSERTIONS = NO;
				ENABLE_STRICT_OBJC_MSGSEND = YES;
				ENABLE_USER_SCRIPT_SANDBOXING = YES;
				GCC_C_LANGUAGE_STANDARD = gnu17;
				GCC_NO_COMMON_BLOCKS = YES;
				GCC_WARN_64_TO_32_BIT_CONVERSION = YES;
				GCC_WARN_ABOUT_RETURN_TYPE = YES_ERROR;
				GCC_WARN_UNDECLARED_SELECTOR = YES;
				GCC_WARN_UNINITIALIZED_AUTOS = YES_AGGRESSIVE;
				GCC_WARN_UNUSED_FUNCTION = YES;
				GCC_WARN_UNUSED_VARIABLE = YES;
				IPHONEOS_DEPLOYMENT_TARGET = 17.2;
				LOCALIZATION_PREFERS_STRING_CATALOGS = YES;
				MTL_ENABLE_DEBUG_INFO = NO;
				MTL_FAST_MATH = YES;
				SDKROOT = iphoneos;
				SWIFT_COMPILATION_MODE = wholemodule;
				VALIDATE_PRODUCT = YES;
			};
			name = Release;
		};
		78C7FD2B2B9EB95B0048E883 /* Debug */ = {
			isa = XCBuildConfiguration;
			buildSettings = {
				ASSETCATALOG_COMPILER_APPICON_NAME = AppIcon;
				ASSETCATALOG_COMPILER_GLOBAL_ACCENT_COLOR_NAME = AccentColor;
				CODE_SIGN_IDENTITY = "Apple Development";
				"CODE_SIGN_IDENTITY[sdk=iphoneos*]" = "iPhone Distribution";
				CODE_SIGN_STYLE = Manual;
				CURRENT_PROJECT_VERSION = 0;
				DEVELOPMENT_ASSET_PATHS = "\"Sliding15PuzzleGame/Preview Content\"";
				DEVELOPMENT_TEAM = 49H596ZHS6;
				"DEVELOPMENT_TEAM[sdk=iphoneos*]" = 49H596ZHS6;
				ENABLE_PREVIEWS = YES;
				GENERATE_INFOPLIST_FILE = YES;
				INFOPLIST_KEY_CFBundleDisplayName = "15 Puzzle";
				INFOPLIST_KEY_LSApplicationCategoryType = "public.app-category.puzzle-games";
				INFOPLIST_KEY_UIApplicationSceneManifest_Generation = YES;
				INFOPLIST_KEY_UIApplicationSupportsIndirectInputEvents = YES;
				INFOPLIST_KEY_UILaunchScreen_Generation = YES;
				INFOPLIST_KEY_UIRequiresFullScreen = YES;
				INFOPLIST_KEY_UISupportedInterfaceOrientations = UIInterfaceOrientationPortrait;
				IPHONEOS_DEPLOYMENT_TARGET = 16.4;
				LD_RUNPATH_SEARCH_PATHS = (
					"$(inherited)",
					"@executable_path/Frameworks",
				);
				MARKETING_VERSION = 1.1;
				PRODUCT_BUNDLE_IDENTIFIER = com.bii.sliding15puzzle;
				PRODUCT_NAME = "$(TARGET_NAME)";
				"PROVISIONING_PROFILE_SPECIFIER[sdk=iphoneos*]" = "15 Sliding Puzzle Distribution";
				SUPPORTED_PLATFORMS = "iphoneos iphonesimulator";
				SUPPORTS_MACCATALYST = NO;
				SUPPORTS_MAC_DESIGNED_FOR_IPHONE_IPAD = NO;
				SUPPORTS_XR_DESIGNED_FOR_IPHONE_IPAD = NO;
				SWIFT_EMIT_LOC_STRINGS = YES;
				SWIFT_VERSION = 5.0;
				TARGETED_DEVICE_FAMILY = "1,2";
			};
			name = Debug;
		};
		78C7FD2C2B9EB95B0048E883 /* Release */ = {
			isa = XCBuildConfiguration;
			buildSettings = {
				ASSETCATALOG_COMPILER_APPICON_NAME = AppIcon;
				ASSETCATALOG_COMPILER_GLOBAL_ACCENT_COLOR_NAME = AccentColor;
				CODE_SIGN_IDENTITY = "Apple Development";
				"CODE_SIGN_IDENTITY[sdk=iphoneos*]" = "iPhone Distribution";
				CODE_SIGN_STYLE = Manual;
				CURRENT_PROJECT_VERSION = 0;
				DEVELOPMENT_ASSET_PATHS = "\"Sliding15PuzzleGame/Preview Content\"";
				DEVELOPMENT_TEAM = 49H596ZHS6;
				"DEVELOPMENT_TEAM[sdk=iphoneos*]" = 49H596ZHS6;
				ENABLE_PREVIEWS = YES;
				GENERATE_INFOPLIST_FILE = YES;
				INFOPLIST_KEY_CFBundleDisplayName = "15 Puzzle";
				INFOPLIST_KEY_LSApplicationCategoryType = "public.app-category.puzzle-games";
				INFOPLIST_KEY_UIApplicationSceneManifest_Generation = YES;
				INFOPLIST_KEY_UIApplicationSupportsIndirectInputEvents = YES;
				INFOPLIST_KEY_UILaunchScreen_Generation = YES;
				INFOPLIST_KEY_UIRequiresFullScreen = YES;
				INFOPLIST_KEY_UISupportedInterfaceOrientations = UIInterfaceOrientationPortrait;
				IPHONEOS_DEPLOYMENT_TARGET = 16.4;
				LD_RUNPATH_SEARCH_PATHS = (
					"$(inherited)",
					"@executable_path/Frameworks",
				);
				MARKETING_VERSION = 1.1;
				PRODUCT_BUNDLE_IDENTIFIER = com.bii.sliding15puzzle;
				PRODUCT_NAME = "$(TARGET_NAME)";
				"PROVISIONING_PROFILE_SPECIFIER[sdk=iphoneos*]" = "15 Sliding Puzzle Distribution";
				SUPPORTED_PLATFORMS = "iphoneos iphonesimulator";
				SUPPORTS_MACCATALYST = NO;
				SUPPORTS_MAC_DESIGNED_FOR_IPHONE_IPAD = NO;
				SUPPORTS_XR_DESIGNED_FOR_IPHONE_IPAD = NO;
				SWIFT_EMIT_LOC_STRINGS = YES;
				SWIFT_VERSION = 5.0;
				TARGETED_DEVICE_FAMILY = "1,2";
			};
			name = Release;
		};
/* End XCBuildConfiguration section */

/* Begin XCConfigurationList section */
		78C7FD172B9EB95A0048E883 /* Build configuration list for PBXProject "Sliding15PuzzleGame" */ = {
			isa = XCConfigurationList;
			buildConfigurations = (
				78C7FD282B9EB95B0048E883 /* Debug */,
				78C7FD292B9EB95B0048E883 /* Release */,
			);
			defaultConfigurationIsVisible = 0;
			defaultConfigurationName = Release;
		};
		78C7FD2A2B9EB95B0048E883 /* Build configuration list for PBXNativeTarget "Sliding15PuzzleGame" */ = {
			isa = XCConfigurationList;
			buildConfigurations = (
				78C7FD2B2B9EB95B0048E883 /* Debug */,
				78C7FD2C2B9EB95B0048E883 /* Release */,
			);
			defaultConfigurationIsVisible = 0;
			defaultConfigurationName = Release;
		};
/* End XCConfigurationList section */

/* Begin XCRemoteSwiftPackageReference section */
		783774A62BA3D74E00F20904 /* XCRemoteSwiftPackageReference "lottie-spm" */ = {
			isa = XCRemoteSwiftPackageReference;
			repositoryURL = "https://github.com/airbnb/lottie-spm.git";
			requirement = {
				kind = upToNextMajorVersion;
				minimumVersion = 4.4.1;
			};
		};
/* End XCRemoteSwiftPackageReference section */

/* Begin XCSwiftPackageProductDependency section */
		783774A72BA3D74E00F20904 /* Lottie */ = {
			isa = XCSwiftPackageProductDependency;
			package = 783774A62BA3D74E00F20904 /* XCRemoteSwiftPackageReference "lottie-spm" */;
			productName = Lottie;
		};
/* End XCSwiftPackageProductDependency section */
	};
	rootObject = 78C7FD142B9EB95A0048E883 /* Project object */;
}
